
Microsoft Visual Studio Solution File, Format Version 12.00
# Visual Studio Version 17
VisualStudioVersion = 17.1.32120.378
MinimumVisualStudioVersion = 10.0.40219.1
Project("{FAE04EC0-301F-11D3-BF4B-00C04F79EFBC}") = "SpringfieldNuclear", "SpringfieldNuclear\SpringfieldNuclear.csproj", "{0EC5AB03-0410-4D3F-BCD9-4062B6BF08BA}"
EndProject
Global
	GlobalSection(SolutionConfigurationPlatforms) = preSolution
		Debug|Any CPU = Debug|Any CPU
		Release|Any CPU = Release|Any CPU
	EndGlobalSection
	GlobalSection(ProjectConfigurationPlatforms) = postSolution
		{0EC5AB03-0410-4D3F-BCD9-4062B6BF08BA}.Debug|Any CPU.ActiveCfg = Debug|Any CPU
		{0EC5AB03-0410-4D3F-BCD9-4062B6BF08BA}.Debug|Any CPU.Build.0 = Debug|Any CPU
		{0EC5AB03-0410-4D3F-BCD9-4062B6BF08BA}.Release|Any CPU.ActiveCfg = Release|Any CPU
		{0EC5AB03-0410-4D3F-BCD9-4062B6BF08BA}.Release|Any CPU.Build.0 = Release|Any CPU
	EndGlobalSection
	GlobalSection(SolutionProperties) = preSolution
		HideSolutionNode = FALSE
	EndGlobalSection
	GlobalSection(ExtensibilityGlobals) = postSolution
		SolutionGuid = {587FDCF2-101B-4244-8B05-DE29FCB774B8}
	EndGlobalSection
EndGlobal
